// !$*UTF8*$!
{
	archiveVersion = 1;
	classes = {
	};
	objectVersion = 52;
	objects = {

/* Begin PBXBuildFile section */
		000A68A42827A52D008431F7 /* ComplexModule in Frameworks */ = {isa = PBXBuildFile; productRef = 000A68A32827A52D008431F7 /* ComplexModule */; };
		000A68A62827A52D008431F7 /* Numerics in Frameworks */ = {isa = PBXBuildFile; productRef = 000A68A52827A52D008431F7 /* Numerics */; };
		000A68A82827A52D008431F7 /* RealModule in Frameworks */ = {isa = PBXBuildFile; productRef = 000A68A72827A52D008431F7 /* RealModule */; };
		000C88C026A17DA2004062C5 /* MenuPresenter.swift in Sources */ = {isa = PBXBuildFile; fileRef = 000C88BF26A17DA2004062C5 /* MenuPresenter.swift */; };
		000C88C226A17F8B004062C5 /* MenuView.swift in Sources */ = {isa = PBXBuildFile; fileRef = 000C88C126A17F8B004062C5 /* MenuView.swift */; };
		000C88C526A1CFE9004062C5 /* CurrentPolynomialDataSource.swift in Sources */ = {isa = PBXBuildFile; fileRef = 000C88C426A1CFE9004062C5 /* CurrentPolynomialDataSource.swift */; };
		000C88C726A1DDA2004062C5 /* CoordinateSystemPresenter.swift in Sources */ = {isa = PBXBuildFile; fileRef = 000C88C626A1DDA2004062C5 /* CoordinateSystemPresenter.swift */; };
		0043C1A1268BA9C600EC9AAE /* CoordinateSystemUnitLengthEvironmentKey.swift in Sources */ = {isa = PBXBuildFile; fileRef = 0043C1A0268BA9C600EC9AAE /* CoordinateSystemUnitLengthEvironmentKey.swift */; };
		0043C1A2268BA9C600EC9AAE /* CoordinateSystemUnitLengthEvironmentKey.swift in Sources */ = {isa = PBXBuildFile; fileRef = 0043C1A0268BA9C600EC9AAE /* CoordinateSystemUnitLengthEvironmentKey.swift */; };
		0043C1A4268BAB7500EC9AAE /* WithCoordinatesModifier.swift in Sources */ = {isa = PBXBuildFile; fileRef = 0043C1A3268BAB7500EC9AAE /* WithCoordinatesModifier.swift */; };
		0043C1A5268BAB7500EC9AAE /* WithCoordinatesModifier.swift in Sources */ = {isa = PBXBuildFile; fileRef = 0043C1A3268BAB7500EC9AAE /* WithCoordinatesModifier.swift */; };
		006BB3AD26A2AC3A00D7F1B5 /* PolynomialFormula.swift in Sources */ = {isa = PBXBuildFile; fileRef = 006BB3AC26A2AC3A00D7F1B5 /* PolynomialFormula.swift */; };
		006BB3AF26A2B99600D7F1B5 /* Function.swift in Sources */ = {isa = PBXBuildFile; fileRef = 006BB3AE26A2B99600D7F1B5 /* Function.swift */; };
		006BB3B126A2BD4900D7F1B5 /* Log.swift in Sources */ = {isa = PBXBuildFile; fileRef = 006BB3B026A2BD4900D7F1B5 /* Log.swift */; };
		006BFB75268E46DF0093805E /* Polynomial.swift in Sources */ = {isa = PBXBuildFile; fileRef = 006BFB74268E46DF0093805E /* Polynomial.swift */; };
		006BFB77268E46FE0093805E /* FunctionViews.swift in Sources */ = {isa = PBXBuildFile; fileRef = 006BFB76268E46FE0093805E /* FunctionViews.swift */; };
		008AF20B27C3FC840060282A /* Resolver in Frameworks */ = {isa = PBXBuildFile; productRef = 008AF20A27C3FC840060282A /* Resolver */; };
		008AF20E27C3FCAE0060282A /* Application+Injection.swift in Sources */ = {isa = PBXBuildFile; fileRef = 008AF20D27C3FCAE0060282A /* Application+Injection.swift */; };
		008AF20F27C3FCB30060282A /* Application+Injection.swift in Sources */ = {isa = PBXBuildFile; fileRef = 008AF20D27C3FCAE0060282A /* Application+Injection.swift */; };
		00A747022692061D00A81B9D /* ContainerView.swift in Sources */ = {isa = PBXBuildFile; fileRef = 00A747012692061D00A81B9D /* ContainerView.swift */; };
		00DCF3EA266563E500B70B46 /* ComplexNumbersApp.swift in Sources */ = {isa = PBXBuildFile; fileRef = 00DCF3D7266563E300B70B46 /* ComplexNumbersApp.swift */; };
		00DCF3EB266563E500B70B46 /* ComplexNumbersApp.swift in Sources */ = {isa = PBXBuildFile; fileRef = 00DCF3D7266563E300B70B46 /* ComplexNumbersApp.swift */; };
		00DCF3EC266563E500B70B46 /* CoordinateSystem.swift in Sources */ = {isa = PBXBuildFile; fileRef = 00DCF3D8266563E300B70B46 /* CoordinateSystem.swift */; };
		00DCF3ED266563E500B70B46 /* CoordinateSystem.swift in Sources */ = {isa = PBXBuildFile; fileRef = 00DCF3D8266563E300B70B46 /* CoordinateSystem.swift */; };
		00DCF3EE266563E500B70B46 /* Assets.xcassets in Resources */ = {isa = PBXBuildFile; fileRef = 00DCF3D9266563E500B70B46 /* Assets.xcassets */; };
		00DCF3EF266563E500B70B46 /* Assets.xcassets in Resources */ = {isa = PBXBuildFile; fileRef = 00DCF3D9266563E500B70B46 /* Assets.xcassets */; };
/* End PBXBuildFile section */

/* Begin PBXFileReference section */
		000C88BF26A17DA2004062C5 /* MenuPresenter.swift */ = {isa = PBXFileReference; lastKnownFileType = sourcecode.swift; path = MenuPresenter.swift; sourceTree = "<group>"; };
		000C88C126A17F8B004062C5 /* MenuView.swift */ = {isa = PBXFileReference; lastKnownFileType = sourcecode.swift; path = MenuView.swift; sourceTree = "<group>"; };
		000C88C426A1CFE9004062C5 /* CurrentPolynomialDataSource.swift */ = {isa = PBXFileReference; lastKnownFileType = sourcecode.swift; path = CurrentPolynomialDataSource.swift; sourceTree = "<group>"; };
		000C88C626A1DDA2004062C5 /* CoordinateSystemPresenter.swift */ = {isa = PBXFileReference; lastKnownFileType = sourcecode.swift; path = CoordinateSystemPresenter.swift; sourceTree = "<group>"; };
		0043C1A0268BA9C600EC9AAE /* CoordinateSystemUnitLengthEvironmentKey.swift */ = {isa = PBXFileReference; lastKnownFileType = sourcecode.swift; path = CoordinateSystemUnitLengthEvironmentKey.swift; sourceTree = "<group>"; };
		0043C1A3268BAB7500EC9AAE /* WithCoordinatesModifier.swift */ = {isa = PBXFileReference; lastKnownFileType = sourcecode.swift; path = WithCoordinatesModifier.swift; sourceTree = "<group>"; };
		006BB3AC26A2AC3A00D7F1B5 /* PolynomialFormula.swift */ = {isa = PBXFileReference; lastKnownFileType = sourcecode.swift; path = PolynomialFormula.swift; sourceTree = "<group>"; };
		006BB3AE26A2B99600D7F1B5 /* Function.swift */ = {isa = PBXFileReference; lastKnownFileType = sourcecode.swift; path = Function.swift; sourceTree = "<group>"; };
		006BB3B026A2BD4900D7F1B5 /* Log.swift */ = {isa = PBXFileReference; lastKnownFileType = sourcecode.swift; path = Log.swift; sourceTree = "<group>"; };
		006BFB74268E46DF0093805E /* Polynomial.swift */ = {isa = PBXFileReference; lastKnownFileType = sourcecode.swift; path = Polynomial.swift; sourceTree = "<group>"; };
		006BFB76268E46FE0093805E /* FunctionViews.swift */ = {isa = PBXFileReference; lastKnownFileType = sourcecode.swift; path = FunctionViews.swift; sourceTree = "<group>"; };
		008AF20D27C3FCAE0060282A /* Application+Injection.swift */ = {isa = PBXFileReference; lastKnownFileType = sourcecode.swift; path = "Application+Injection.swift"; sourceTree = "<group>"; };
		00A747012692061D00A81B9D /* ContainerView.swift */ = {isa = PBXFileReference; lastKnownFileType = sourcecode.swift; path = ContainerView.swift; sourceTree = "<group>"; };
		00DCF3D7266563E300B70B46 /* ComplexNumbersApp.swift */ = {isa = PBXFileReference; lastKnownFileType = sourcecode.swift; path = ComplexNumbersApp.swift; sourceTree = "<group>"; };
		00DCF3D8266563E300B70B46 /* CoordinateSystem.swift */ = {isa = PBXFileReference; lastKnownFileType = sourcecode.swift; path = CoordinateSystem.swift; sourceTree = "<group>"; };
		00DCF3D9266563E500B70B46 /* Assets.xcassets */ = {isa = PBXFileReference; lastKnownFileType = folder.assetcatalog; path = Assets.xcassets; sourceTree = "<group>"; };
		00DCF3DE266563E500B70B46 /* ComplexNumbers.app */ = {isa = PBXFileReference; explicitFileType = wrapper.application; includeInIndex = 0; path = ComplexNumbers.app; sourceTree = BUILT_PRODUCTS_DIR; };
		00DCF3E1266563E500B70B46 /* Info.plist */ = {isa = PBXFileReference; lastKnownFileType = text.plist.xml; path = Info.plist; sourceTree = "<group>"; };
		00DCF3E6266563E500B70B46 /* ComplexNumbers.app */ = {isa = PBXFileReference; explicitFileType = wrapper.application; includeInIndex = 0; path = ComplexNumbers.app; sourceTree = BUILT_PRODUCTS_DIR; };
		00DCF3E8266563E500B70B46 /* Info.plist */ = {isa = PBXFileReference; lastKnownFileType = text.plist.xml; path = Info.plist; sourceTree = "<group>"; };
		00DCF3E9266563E500B70B46 /* macOS.entitlements */ = {isa = PBXFileReference; lastKnownFileType = text.plist.entitlements; path = macOS.entitlements; sourceTree = "<group>"; };
		00EAC9402847D6E700B14DC8 /* README.md */ = {isa = PBXFileReference; lastKnownFileType = net.daringfireball.markdown; path = README.md; sourceTree = "<group>"; };
/* End PBXFileReference section */

/* Begin PBXFrameworksBuildPhase section */
		00DCF3DB266563E500B70B46 /* Frameworks */ = {
			isa = PBXFrameworksBuildPhase;
			buildActionMask = 2147483647;
			files = (
				000A68A82827A52D008431F7 /* RealModule in Frameworks */,
				008AF20B27C3FC840060282A /* Resolver in Frameworks */,
				000A68A62827A52D008431F7 /* Numerics in Frameworks */,
				000A68A42827A52D008431F7 /* ComplexModule in Frameworks */,
			);
			runOnlyForDeploymentPostprocessing = 0;
		};
		00DCF3E3266563E500B70B46 /* Frameworks */ = {
			isa = PBXFrameworksBuildPhase;
			buildActionMask = 2147483647;
			files = (
			);
			runOnlyForDeploymentPostprocessing = 0;
		};
/* End PBXFrameworksBuildPhase section */

/* Begin PBXGroup section */
		000C88BE26A17D91004062C5 /* Menu */ = {
			isa = PBXGroup;
			children = (
				000C88BF26A17DA2004062C5 /* MenuPresenter.swift */,
				000C88C126A17F8B004062C5 /* MenuView.swift */,
			);
			path = Menu;
			sourceTree = "<group>";
		};
		000C88C326A1CE1E004062C5 /* Data */ = {
			isa = PBXGroup;
			children = (
				000C88C426A1CFE9004062C5 /* CurrentPolynomialDataSource.swift */,
			);
			path = Data;
			sourceTree = "<group>";
		};
		006BFB73268E46C60093805E /* Maths */ = {
			isa = PBXGroup;
			children = (
				006BFB74268E46DF0093805E /* Polynomial.swift */,
				006BB3AE26A2B99600D7F1B5 /* Function.swift */,
				006BB3B026A2BD4900D7F1B5 /* Log.swift */,
			);
			path = Maths;
			sourceTree = "<group>";
		};
		006BFB78268E47710093805E /* Views */ = {
			isa = PBXGroup;
			children = (
				000C88BE26A17D91004062C5 /* Menu */,
				00A747002692060C00A81B9D /* Container */,
				006BFB7A268E47A80093805E /* Function Views */,
				006BFB79268E47780093805E /* Coordinates System */,
			);
			path = Views;
			sourceTree = "<group>";
		};
		006BFB79268E47780093805E /* Coordinates System */ = {
			isa = PBXGroup;
			children = (
				0043C1A0268BA9C600EC9AAE /* CoordinateSystemUnitLengthEvironmentKey.swift */,
				0043C1A3268BAB7500EC9AAE /* WithCoordinatesModifier.swift */,
				00DCF3D8266563E300B70B46 /* CoordinateSystem.swift */,
				000C88C626A1DDA2004062C5 /* CoordinateSystemPresenter.swift */,
			);
			path = "Coordinates System";
			sourceTree = "<group>";
		};
		006BFB7A268E47A80093805E /* Function Views */ = {
			isa = PBXGroup;
			children = (
				006BFB76268E46FE0093805E /* FunctionViews.swift */,
				006BB3AC26A2AC3A00D7F1B5 /* PolynomialFormula.swift */,
			);
			path = "Function Views";
			sourceTree = "<group>";
		};
		008AF20C27C3FC9E0060282A /* DI */ = {
			isa = PBXGroup;
			children = (
				008AF20D27C3FCAE0060282A /* Application+Injection.swift */,
			);
			path = DI;
			sourceTree = "<group>";
		};
		00A747002692060C00A81B9D /* Container */ = {
			isa = PBXGroup;
			children = (
				00A747012692061D00A81B9D /* ContainerView.swift */,
			);
			path = Container;
			sourceTree = "<group>";
		};
		00DCF3D1266563E300B70B46 = {
			isa = PBXGroup;
			children = (
				00EAC9402847D6E700B14DC8 /* README.md */,
				00DCF3D6266563E300B70B46 /* Shared */,
				00DCF3E0266563E500B70B46 /* iOS */,
				00DCF3E7266563E500B70B46 /* macOS */,
				00DCF3DF266563E500B70B46 /* Products */,
			);
			sourceTree = "<group>";
		};
		00DCF3D6266563E300B70B46 /* Shared */ = {
			isa = PBXGroup;
			children = (
				00DCF3D7266563E300B70B46 /* ComplexNumbersApp.swift */,
				008AF20C27C3FC9E0060282A /* DI */,
				000C88C326A1CE1E004062C5 /* Data */,
				006BFB73268E46C60093805E /* Maths */,
				006BFB78268E47710093805E /* Views */,
				00DCF3D9266563E500B70B46 /* Assets.xcassets */,
			);
			path = Shared;
			sourceTree = "<group>";
		};
		00DCF3DF266563E500B70B46 /* Products */ = {
			isa = PBXGroup;
			children = (
				00DCF3DE266563E500B70B46 /* ComplexNumbers.app */,
				00DCF3E6266563E500B70B46 /* ComplexNumbers.app */,
			);
			name = Products;
			sourceTree = "<group>";
		};
		00DCF3E0266563E500B70B46 /* iOS */ = {
			isa = PBXGroup;
			children = (
				00DCF3E1266563E500B70B46 /* Info.plist */,
			);
			path = iOS;
			sourceTree = "<group>";
		};
		00DCF3E7266563E500B70B46 /* macOS */ = {
			isa = PBXGroup;
			children = (
				00DCF3E8266563E500B70B46 /* Info.plist */,
				00DCF3E9266563E500B70B46 /* macOS.entitlements */,
			);
			path = macOS;
			sourceTree = "<group>";
		};
/* End PBXGroup section */

/* Begin PBXNativeTarget section */
		00DCF3DD266563E500B70B46 /* ComplexNumbers (iOS) */ = {
			isa = PBXNativeTarget;
			buildConfigurationList = 00DCF3F2266563E500B70B46 /* Build configuration list for PBXNativeTarget "ComplexNumbers (iOS)" */;
			buildPhases = (
				00DCF3DA266563E500B70B46 /* Sources */,
				00DCF3DB266563E500B70B46 /* Frameworks */,
				00DCF3DC266563E500B70B46 /* Resources */,
				00ED44992AA321FD008A1ABB /* swiftformat */,
			);
			buildRules = (
			);
			dependencies = (
			);
			name = "ComplexNumbers (iOS)";
			packageProductDependencies = (
				008AF20A27C3FC840060282A /* Resolver */,
				000A68A32827A52D008431F7 /* ComplexModule */,
				000A68A52827A52D008431F7 /* Numerics */,
				000A68A72827A52D008431F7 /* RealModule */,
			);
			productName = "ComplexNumbers (iOS)";
			productReference = 00DCF3DE266563E500B70B46 /* ComplexNumbers.app */;
			productType = "com.apple.product-type.application";
		};
		00DCF3E5266563E500B70B46 /* ComplexNumbers (macOS) */ = {
			isa = PBXNativeTarget;
			buildConfigurationList = 00DCF3F5266563E500B70B46 /* Build configuration list for PBXNativeTarget "ComplexNumbers (macOS)" */;
			buildPhases = (
				00DCF3E2266563E500B70B46 /* Sources */,
				00DCF3E3266563E500B70B46 /* Frameworks */,
				00DCF3E4266563E500B70B46 /* Resources */,
			);
			buildRules = (
			);
			dependencies = (
			);
			name = "ComplexNumbers (macOS)";
			productName = "ComplexNumbers (macOS)";
			productReference = 00DCF3E6266563E500B70B46 /* ComplexNumbers.app */;
			productType = "com.apple.product-type.application";
		};
/* End PBXNativeTarget section */

/* Begin PBXProject section */
		00DCF3D2266563E300B70B46 /* Project object */ = {
			isa = PBXProject;
			attributes = {
				LastSwiftUpdateCheck = 1250;
				LastUpgradeCheck = 1300;
				TargetAttributes = {
					00DCF3DD266563E500B70B46 = {
						CreatedOnToolsVersion = 12.5;
					};
					00DCF3E5266563E500B70B46 = {
						CreatedOnToolsVersion = 12.5;
					};
				};
			};
			buildConfigurationList = 00DCF3D5266563E300B70B46 /* Build configuration list for PBXProject "ComplexNumbers" */;
			compatibilityVersion = "Xcode 9.3";
			developmentRegion = en;
			hasScannedForEncodings = 0;
			knownRegions = (
				en,
				Base,
			);
			mainGroup = 00DCF3D1266563E300B70B46;
			packageReferences = (
				008AF20927C3FC840060282A /* XCRemoteSwiftPackageReference "Resolver" */,
				000A68A22827A52D008431F7 /* XCRemoteSwiftPackageReference "swift-numerics" */,
			);
			productRefGroup = 00DCF3DF266563E500B70B46 /* Products */;
			projectDirPath = "";
			projectRoot = "";
			targets = (
				00DCF3DD266563E500B70B46 /* ComplexNumbers (iOS) */,
				00DCF3E5266563E500B70B46 /* ComplexNumbers (macOS) */,
			);
		};
/* End PBXProject section */

/* Begin PBXResourcesBuildPhase section */
		00DCF3DC266563E500B70B46 /* Resources */ = {
			isa = PBXResourcesBuildPhase;
			buildActionMask = 2147483647;
			files = (
				00DCF3EE266563E500B70B46 /* Assets.xcassets in Resources */,
			);
			runOnlyForDeploymentPostprocessing = 0;
		};
		00DCF3E4266563E500B70B46 /* Resources */ = {
			isa = PBXResourcesBuildPhase;
			buildActionMask = 2147483647;
			files = (
				00DCF3EF266563E500B70B46 /* Assets.xcassets in Resources */,
			);
			runOnlyForDeploymentPostprocessing = 0;
		};
/* End PBXResourcesBuildPhase section */

/* Begin PBXShellScriptBuildPhase section */
		00ED44992AA321FD008A1ABB /* swiftformat */ = {
			isa = PBXShellScriptBuildPhase;
			buildActionMask = 2147483647;
			files = (
			);
			inputFileListPaths = (
			);
			inputPaths = (
			);
			name = swiftformat;
			outputFileListPaths = (
			);
			outputPaths = (
			);
			runOnlyForDeploymentPostprocessing = 0;
			shellPath = /bin/sh;
			shellScript = "./Tools/run-build-formatter.sh\n";
		};
/* End PBXShellScriptBuildPhase section */

/* Begin PBXSourcesBuildPhase section */
		00DCF3DA266563E500B70B46 /* Sources */ = {
			isa = PBXSourcesBuildPhase;
			buildActionMask = 2147483647;
			files = (
				000C88C726A1DDA2004062C5 /* CoordinateSystemPresenter.swift in Sources */,
				00DCF3EC266563E500B70B46 /* CoordinateSystem.swift in Sources */,
				006BB3AF26A2B99600D7F1B5 /* Function.swift in Sources */,
				006BFB75268E46DF0093805E /* Polynomial.swift in Sources */,
				0043C1A1268BA9C600EC9AAE /* CoordinateSystemUnitLengthEvironmentKey.swift in Sources */,
				000C88C026A17DA2004062C5 /* MenuPresenter.swift in Sources */,
				000C88C226A17F8B004062C5 /* MenuView.swift in Sources */,
				0043C1A4268BAB7500EC9AAE /* WithCoordinatesModifier.swift in Sources */,
				006BB3B126A2BD4900D7F1B5 /* Log.swift in Sources */,
				006BFB77268E46FE0093805E /* FunctionViews.swift in Sources */,
				006BB3AD26A2AC3A00D7F1B5 /* PolynomialFormula.swift in Sources */,
				00A747022692061D00A81B9D /* ContainerView.swift in Sources */,
				000C88C526A1CFE9004062C5 /* CurrentPolynomialDataSource.swift in Sources */,
				008AF20E27C3FCAE0060282A /* Application+Injection.swift in Sources */,
				00DCF3EA266563E500B70B46 /* ComplexNumbersApp.swift in Sources */,
			);
			runOnlyForDeploymentPostprocessing = 0;
		};
		00DCF3E2266563E500B70B46 /* Sources */ = {
			isa = PBXSourcesBuildPhase;
			buildActionMask = 2147483647;
			files = (
				00DCF3ED266563E500B70B46 /* CoordinateSystem.swift in Sources */,
				0043C1A2268BA9C600EC9AAE /* CoordinateSystemUnitLengthEvironmentKey.swift in Sources */,
				0043C1A5268BAB7500EC9AAE /* WithCoordinatesModifier.swift in Sources */,
				008AF20F27C3FCB30060282A /* Application+Injection.swift in Sources */,
				00DCF3EB266563E500B70B46 /* ComplexNumbersApp.swift in Sources */,
			);
			runOnlyForDeploymentPostprocessing = 0;
		};
/* End PBXSourcesBuildPhase section */

/* Begin XCBuildConfiguration section */
		00DCF3F0266563E500B70B46 /* Debug */ = {
			isa = XCBuildConfiguration;
			buildSettings = {
				ALWAYS_SEARCH_USER_PATHS = NO;
				CLANG_ANALYZER_NONNULL = YES;
				CLANG_ANALYZER_NUMBER_OBJECT_CONVERSION = YES_AGGRESSIVE;
				CLANG_CXX_LANGUAGE_STANDARD = "gnu++14";
				CLANG_CXX_LIBRARY = "libc++";
				CLANG_ENABLE_MODULES = YES;
				CLANG_ENABLE_OBJC_ARC = YES;
				CLANG_ENABLE_OBJC_WEAK = YES;
				CLANG_WARN_BLOCK_CAPTURE_AUTORELEASING = YES;
				CLANG_WARN_BOOL_CONVERSION = YES;
				CLANG_WARN_COMMA = YES;
				CLANG_WARN_CONSTANT_CONVERSION = YES;
				CLANG_WARN_DEPRECATED_OBJC_IMPLEMENTATIONS = YES;
				CLANG_WARN_DIRECT_OBJC_ISA_USAGE = YES_ERROR;
				CLANG_WARN_DOCUMENTATION_COMMENTS = YES;
				CLANG_WARN_EMPTY_BODY = YES;
				CLANG_WARN_ENUM_CONVERSION = YES;
				CLANG_WARN_INFINITE_RECURSION = YES;
				CLANG_WARN_INT_CONVERSION = YES;
				CLANG_WARN_NON_LITERAL_NULL_CONVERSION = YES;
				CLANG_WARN_OBJC_IMPLICIT_RETAIN_SELF = YES;
				CLANG_WARN_OBJC_LITERAL_CONVERSION = YES;
				CLANG_WARN_OBJC_ROOT_CLASS = YES_ERROR;
				CLANG_WARN_QUOTED_INCLUDE_IN_FRAMEWORK_HEADER = YES;
				CLANG_WARN_RANGE_LOOP_ANALYSIS = YES;
				CLANG_WARN_STRICT_PROTOTYPES = YES;
				CLANG_WARN_SUSPICIOUS_MOVE = YES;
				CLANG_WARN_UNGUARDED_AVAILABILITY = YES_AGGRESSIVE;
				CLANG_WARN_UNREACHABLE_CODE = YES;
				CLANG_WARN__DUPLICATE_METHOD_MATCH = YES;
				COPY_PHASE_STRIP = NO;
				DEBUG_INFORMATION_FORMAT = dwarf;
				ENABLE_STRICT_OBJC_MSGSEND = YES;
				ENABLE_TESTABILITY = YES;
				GCC_C_LANGUAGE_STANDARD = gnu11;
				GCC_DYNAMIC_NO_PIC = NO;
				GCC_NO_COMMON_BLOCKS = YES;
				GCC_OPTIMIZATION_LEVEL = 0;
				GCC_PREPROCESSOR_DEFINITIONS = (
					"DEBUG=1",
					"$(inherited)",
				);
				GCC_WARN_64_TO_32_BIT_CONVERSION = YES;
				GCC_WARN_ABOUT_RETURN_TYPE = YES_ERROR;
				GCC_WARN_UNDECLARED_SELECTOR = YES;
				GCC_WARN_UNINITIALIZED_AUTOS = YES_AGGRESSIVE;
				GCC_WARN_UNUSED_FUNCTION = YES;
				GCC_WARN_UNUSED_VARIABLE = YES;
				MTL_ENABLE_DEBUG_INFO = INCLUDE_SOURCE;
				MTL_FAST_MATH = YES;
				ONLY_ACTIVE_ARCH = YES;
				SWIFT_ACTIVE_COMPILATION_CONDITIONS = DEBUG;
				SWIFT_OPTIMIZATION_LEVEL = "-Onone";
				SWIFT_VERSION = 5.0;
			};
			name = Debug;
		};
		00DCF3F1266563E500B70B46 /* Release */ = {
			isa = XCBuildConfiguration;
			buildSettings = {
				ALWAYS_SEARCH_USER_PATHS = NO;
				CLANG_ANALYZER_NONNULL = YES;
				CLANG_ANALYZER_NUMBER_OBJECT_CONVERSION = YES_AGGRESSIVE;
				CLANG_CXX_LANGUAGE_STANDARD = "gnu++14";
				CLANG_CXX_LIBRARY = "libc++";
				CLANG_ENABLE_MODULES = YES;
				CLANG_ENABLE_OBJC_ARC = YES;
				CLANG_ENABLE_OBJC_WEAK = YES;
				CLANG_WARN_BLOCK_CAPTURE_AUTORELEASING = YES;
				CLANG_WARN_BOOL_CONVERSION = YES;
				CLANG_WARN_COMMA = YES;
				CLANG_WARN_CONSTANT_CONVERSION = YES;
				CLANG_WARN_DEPRECATED_OBJC_IMPLEMENTATIONS = YES;
				CLANG_WARN_DIRECT_OBJC_ISA_USAGE = YES_ERROR;
				CLANG_WARN_DOCUMENTATION_COMMENTS = YES;
				CLANG_WARN_EMPTY_BODY = YES;
				CLANG_WARN_ENUM_CONVERSION = YES;
				CLANG_WARN_INFINITE_RECURSION = YES;
				CLANG_WARN_INT_CONVERSION = YES;
				CLANG_WARN_NON_LITERAL_NULL_CONVERSION = YES;
				CLANG_WARN_OBJC_IMPLICIT_RETAIN_SELF = YES;
				CLANG_WARN_OBJC_LITERAL_CONVERSION = YES;
				CLANG_WARN_OBJC_ROOT_CLASS = YES_ERROR;
				CLANG_WARN_QUOTED_INCLUDE_IN_FRAMEWORK_HEADER = YES;
				CLANG_WARN_RANGE_LOOP_ANALYSIS = YES;
				CLANG_WARN_STRICT_PROTOTYPES = YES;
				CLANG_WARN_SUSPICIOUS_MOVE = YES;
				CLANG_WARN_UNGUARDED_AVAILABILITY = YES_AGGRESSIVE;
				CLANG_WARN_UNREACHABLE_CODE = YES;
				CLANG_WARN__DUPLICATE_METHOD_MATCH = YES;
				COPY_PHASE_STRIP = NO;
				DEBUG_INFORMATION_FORMAT = "dwarf-with-dsym";
				ENABLE_NS_ASSERTIONS = NO;
				ENABLE_STRICT_OBJC_MSGSEND = YES;
				GCC_C_LANGUAGE_STANDARD = gnu11;
				GCC_NO_COMMON_BLOCKS = YES;
				GCC_WARN_64_TO_32_BIT_CONVERSION = YES;
				GCC_WARN_ABOUT_RETURN_TYPE = YES_ERROR;
				GCC_WARN_UNDECLARED_SELECTOR = YES;
				GCC_WARN_UNINITIALIZED_AUTOS = YES_AGGRESSIVE;
				GCC_WARN_UNUSED_FUNCTION = YES;
				GCC_WARN_UNUSED_VARIABLE = YES;
				MTL_ENABLE_DEBUG_INFO = NO;
				MTL_FAST_MATH = YES;
				SWIFT_COMPILATION_MODE = wholemodule;
				SWIFT_OPTIMIZATION_LEVEL = "-O";
				SWIFT_VERSION = 5.0;
			};
			name = Release;
		};
		00DCF3F3266563E500B70B46 /* Debug */ = {
			isa = XCBuildConfiguration;
			buildSettings = {
				ASSETCATALOG_COMPILER_APPICON_NAME = AppIcon;
				ASSETCATALOG_COMPILER_GLOBAL_ACCENT_COLOR_NAME = AccentColor;
				CODE_SIGN_STYLE = Automatic;
				DEVELOPMENT_TEAM = 29ND5D76MZ;
				ENABLE_PREVIEWS = YES;
				INFOPLIST_FILE = iOS/Info.plist;
				IPHONEOS_DEPLOYMENT_TARGET = 15.4;
				LD_RUNPATH_SEARCH_PATHS = (
					"$(inherited)",
					"@executable_path/Frameworks",
				);
				PRODUCT_BUNDLE_IDENTIFIER = com.roundsoftware.ComplexNumbers;
				PRODUCT_NAME = ComplexNumbers;
				SDKROOT = iphoneos;
				SWIFT_VERSION = 5.0;
				TARGETED_DEVICE_FAMILY = "1,2";
			};
			name = Debug;
		};
		00DCF3F4266563E500B70B46 /* Release */ = {
			isa = XCBuildConfiguration;
			buildSettings = {
				ASSETCATALOG_COMPILER_APPICON_NAME = AppIcon;
				ASSETCATALOG_COMPILER_GLOBAL_ACCENT_COLOR_NAME = AccentColor;
				CODE_SIGN_STYLE = Automatic;
				DEVELOPMENT_TEAM = 29ND5D76MZ;
				ENABLE_PREVIEWS = YES;
				INFOPLIST_FILE = iOS/Info.plist;
				IPHONEOS_DEPLOYMENT_TARGET = 15.4;
				LD_RUNPATH_SEARCH_PATHS = (
					"$(inherited)",
					"@executable_path/Frameworks",
				);
				PRODUCT_BUNDLE_IDENTIFIER = com.roundsoftware.ComplexNumbers;
				PRODUCT_NAME = ComplexNumbers;
				SDKROOT = iphoneos;
				SWIFT_VERSION = 5.0;
				TARGETED_DEVICE_FAMILY = "1,2";
				VALIDATE_PRODUCT = YES;
			};
			name = Release;
		};
		00DCF3F6266563E500B70B46 /* Debug */ = {
			isa = XCBuildConfiguration;
			buildSettings = {
				ASSETCATALOG_COMPILER_APPICON_NAME = AppIcon;
				ASSETCATALOG_COMPILER_GLOBAL_ACCENT_COLOR_NAME = AccentColor;
				CODE_SIGN_ENTITLEMENTS = macOS/macOS.entitlements;
				CODE_SIGN_IDENTITY = "-";
				CODE_SIGN_STYLE = Automatic;
				COMBINE_HIDPI_IMAGES = YES;
				DEVELOPMENT_TEAM = 29ND5D76MZ;
				ENABLE_HARDENED_RUNTIME = YES;
				ENABLE_PREVIEWS = YES;
				INFOPLIST_FILE = macOS/Info.plist;
				LD_RUNPATH_SEARCH_PATHS = (
					"$(inherited)",
					"@executable_path/../Frameworks",
				);
				MACOSX_DEPLOYMENT_TARGET = 11.0;
				PRODUCT_BUNDLE_IDENTIFIER = com.roundsoftware.ComplexNumbers;
				PRODUCT_NAME = ComplexNumbers;
				SDKROOT = macosx;
				SWIFT_VERSION = 5.0;
			};
			name = Debug;
		};
		00DCF3F7266563E500B70B46 /* Release */ = {
			isa = XCBuildConfiguration;
			buildSettings = {
				ASSETCATALOG_COMPILER_APPICON_NAME = AppIcon;
				ASSETCATALOG_COMPILER_GLOBAL_ACCENT_COLOR_NAME = AccentColor;
				CODE_SIGN_ENTITLEMENTS = macOS/macOS.entitlements;
				CODE_SIGN_IDENTITY = "-";
				CODE_SIGN_STYLE = Automatic;
				COMBINE_HIDPI_IMAGES = YES;
				DEVELOPMENT_TEAM = 29ND5D76MZ;
				ENABLE_HARDENED_RUNTIME = YES;
				ENABLE_PREVIEWS = YES;
				INFOPLIST_FILE = macOS/Info.plist;
				LD_RUNPATH_SEARCH_PATHS = (
					"$(inherited)",
					"@executable_path/../Frameworks",
				);
				MACOSX_DEPLOYMENT_TARGET = 11.0;
				PRODUCT_BUNDLE_IDENTIFIER = com.roundsoftware.ComplexNumbers;
				PRODUCT_NAME = ComplexNumbers;
				SDKROOT = macosx;
				SWIFT_VERSION = 5.0;
			};
			name = Release;
		};
/* End XCBuildConfiguration section */

/* Begin XCConfigurationList section */
		00DCF3D5266563E300B70B46 /* Build configuration list for PBXProject "ComplexNumbers" */ = {
			isa = XCConfigurationList;
			buildConfigurations = (
				00DCF3F0266563E500B70B46 /* Debug */,
				00DCF3F1266563E500B70B46 /* Release */,
			);
			defaultConfigurationIsVisible = 0;
			defaultConfigurationName = Release;
		};
		00DCF3F2266563E500B70B46 /* Build configuration list for PBXNativeTarget "ComplexNumbers (iOS)" */ = {
			isa = XCConfigurationList;
			buildConfigurations = (
				00DCF3F3266563E500B70B46 /* Debug */,
				00DCF3F4266563E500B70B46 /* Release */,
			);
			defaultConfigurationIsVisible = 0;
			defaultConfigurationName = Release;
		};
		00DCF3F5266563E500B70B46 /* Build configuration list for PBXNativeTarget "ComplexNumbers (macOS)" */ = {
			isa = XCConfigurationList;
			buildConfigurations = (
				00DCF3F6266563E500B70B46 /* Debug */,
				00DCF3F7266563E500B70B46 /* Release */,
			);
			defaultConfigurationIsVisible = 0;
			defaultConfigurationName = Release;
		};
/* End XCConfigurationList section */

/* Begin XCRemoteSwiftPackageReference section */
		000A68A22827A52D008431F7 /* XCRemoteSwiftPackageReference "swift-numerics" */ = {
			isa = XCRemoteSwiftPackageReference;
			repositoryURL = "https://github.com/apple/swift-numerics.git";
			requirement = {
				kind = upToNextMajorVersion;
				minimumVersion = 1.0.0;
			};
		};
		008AF20927C3FC840060282A /* XCRemoteSwiftPackageReference "Resolver" */ = {
			isa = XCRemoteSwiftPackageReference;
			repositoryURL = "https://github.com/hmlongco/Resolver.git";
			requirement = {
				branch = master;
				kind = branch;
			};
		};
/* End XCRemoteSwiftPackageReference section */

/* Begin XCSwiftPackageProductDependency section */
		000A68A32827A52D008431F7 /* ComplexModule */ = {
			isa = XCSwiftPackageProductDependency;
			package = 000A68A22827A52D008431F7 /* XCRemoteSwiftPackageReference "swift-numerics" */;
			productName = ComplexModule;
		};
		000A68A52827A52D008431F7 /* Numerics */ = {
			isa = XCSwiftPackageProductDependency;
			package = 000A68A22827A52D008431F7 /* XCRemoteSwiftPackageReference "swift-numerics" */;
			productName = Numerics;
		};
		000A68A72827A52D008431F7 /* RealModule */ = {
			isa = XCSwiftPackageProductDependency;
			package = 000A68A22827A52D008431F7 /* XCRemoteSwiftPackageReference "swift-numerics" */;
			productName = RealModule;
		};
		008AF20A27C3FC840060282A /* Resolver */ = {
			isa = XCSwiftPackageProductDependency;
			package = 008AF20927C3FC840060282A /* XCRemoteSwiftPackageReference "Resolver" */;
			productName = Resolver;
		};
/* End XCSwiftPackageProductDependency section */
	};
	rootObject = 00DCF3D2266563E300B70B46 /* Project object */;
}
