// !$*UTF8*$!
{
	archiveVersion = 1;
	classes = {
	};
	objectVersion = 50;
	objects = {

/* Begin PBXBuildFile section */
		00DCF3EA266563E500B70B46 /* ComplexNumbersApp.swift in Sources */ = {isa = PBXBuildFile; fileRef = 00DCF3D7266563E300B70B46 /* ComplexNumbersApp.swift */; };
		00DCF3EB266563E500B70B46 /* ComplexNumbersApp.swift in Sources */ = {isa = PBXBuildFile; fileRef = 00DCF3D7266563E300B70B46 /* ComplexNumbersApp.swift */; };
		00DCF3EC266563E500B70B46 /* ContentView.swift in Sources */ = {isa = PBXBuildFile; fileRef = 00DCF3D8266563E300B70B46 /* ContentView.swift */; };
		00DCF3ED266563E500B70B46 /* ContentView.swift in Sources */ = {isa = PBXBuildFile; fileRef = 00DCF3D8266563E300B70B46 /* ContentView.swift */; };
		00DCF3EE266563E500B70B46 /* Assets.xcassets in Resources */ = {isa = PBXBuildFile; fileRef = 00DCF3D9266563E500B70B46 /* Assets.xcassets */; };
		00DCF3EF266563E500B70B46 /* Assets.xcassets in Resources */ = {isa = PBXBuildFile; fileRef = 00DCF3D9266563E500B70B46 /* Assets.xcassets */; };
/* End PBXBuildFile section */

/* Begin PBXFileReference section */
		00DCF3D7266563E300B70B46 /* ComplexNumbersApp.swift */ = {isa = PBXFileReference; lastKnownFileType = sourcecode.swift; path = ComplexNumbersApp.swift; sourceTree = "<group>"; };
		00DCF3D8266563E300B70B46 /* ContentView.swift */ = {isa = PBXFileReference; lastKnownFileType = sourcecode.swift; path = ContentView.swift; sourceTree = "<group>"; };
		00DCF3D9266563E500B70B46 /* Assets.xcassets */ = {isa = PBXFileReference; lastKnownFileType = folder.assetcatalog; path = Assets.xcassets; sourceTree = "<group>"; };
		00DCF3DE266563E500B70B46 /* ComplexNumbers.app */ = {isa = PBXFileReference; explicitFileType = wrapper.application; includeInIndex = 0; path = ComplexNumbers.app; sourceTree = BUILT_PRODUCTS_DIR; };
		00DCF3E1266563E500B70B46 /* Info.plist */ = {isa = PBXFileReference; lastKnownFileType = text.plist.xml; path = Info.plist; sourceTree = "<group>"; };
		00DCF3E6266563E500B70B46 /* ComplexNumbers.app */ = {isa = PBXFileReference; explicitFileType = wrapper.application; includeInIndex = 0; path = ComplexNumbers.app; sourceTree = BUILT_PRODUCTS_DIR; };
		00DCF3E8266563E500B70B46 /* Info.plist */ = {isa = PBXFileReference; lastKnownFileType = text.plist.xml; path = Info.plist; sourceTree = "<group>"; };
		00DCF3E9266563E500B70B46 /* macOS.entitlements */ = {isa = PBXFileReference; lastKnownFileType = text.plist.entitlements; path = macOS.entitlements; sourceTree = "<group>"; };
/* End PBXFileReference section */

/* Begin PBXFrameworksBuildPhase section */
		00DCF3DB266563E500B70B46 /* Frameworks */ = {
			isa = PBXFrameworksBuildPhase;
			buildActionMask = 2147483647;
			files = (
			);
			runOnlyForDeploymentPostprocessing = 0;
		};
		00DCF3E3266563E500B70B46 /* Frameworks */ = {
			isa = PBXFrameworksBuildPhase;
			buildActionMask = 2147483647;
			files = (
			);
			runOnlyForDeploymentPostprocessing = 0;
		};
/* End PBXFrameworksBuildPhase section */

/* Begin PBXGroup section */
		00DCF3D1266563E300B70B46 = {
			isa = PBXGroup;
			children = (
				00DCF3D6266563E300B70B46 /* Shared */,
				00DCF3E0266563E500B70B46 /* iOS */,
				00DCF3E7266563E500B70B46 /* macOS */,
				00DCF3DF266563E500B70B46 /* Products */,
			);
			sourceTree = "<group>";
		};
		00DCF3D6266563E300B70B46 /* Shared */ = {
			isa = PBXGroup;
			children = (
				00DCF3D7266563E300B70B46 /* ComplexNumbersApp.swift */,
				00DCF3D8266563E300B70B46 /* ContentView.swift */,
				00DCF3D9266563E500B70B46 /* Assets.xcassets */,
			);
			path = Shared;
			sourceTree = "<group>";
		};
		00DCF3DF266563E500B70B46 /* Products */ = {
			isa = PBXGroup;
			children = (
				00DCF3DE266563E500B70B46 /* ComplexNumbers.app */,
				00DCF3E6266563E500B70B46 /* ComplexNumbers.app */,
			);
			name = Products;
			sourceTree = "<group>";
		};
		00DCF3E0266563E500B70B46 /* iOS */ = {
			isa = PBXGroup;
			children = (
				00DCF3E1266563E500B70B46 /* Info.plist */,
			);
			path = iOS;
			sourceTree = "<group>";
		};
		00DCF3E7266563E500B70B46 /* macOS */ = {
			isa = PBXGroup;
			children = (
				00DCF3E8266563E500B70B46 /* Info.plist */,
				00DCF3E9266563E500B70B46 /* macOS.entitlements */,
			);
			path = macOS;
			sourceTree = "<group>";
		};
/* End PBXGroup section */

/* Begin PBXNativeTarget section */
		00DCF3DD266563E500B70B46 /* ComplexNumbers (iOS) */ = {
			isa = PBXNativeTarget;
			buildConfigurationList = 00DCF3F2266563E500B70B46 /* Build configuration list for PBXNativeTarget "ComplexNumbers (iOS)" */;
			buildPhases = (
				00DCF3DA266563E500B70B46 /* Sources */,
				00DCF3DB266563E500B70B46 /* Frameworks */,
				00DCF3DC266563E500B70B46 /* Resources */,
			);
			buildRules = (
			);
			dependencies = (
			);
			name = "ComplexNumbers (iOS)";
			productName = "ComplexNumbers (iOS)";
			productReference = 00DCF3DE266563E500B70B46 /* ComplexNumbers.app */;
			productType = "com.apple.product-type.application";
		};
		00DCF3E5266563E500B70B46 /* ComplexNumbers (macOS) */ = {
			isa = PBXNativeTarget;
			buildConfigurationList = 00DCF3F5266563E500B70B46 /* Build configuration list for PBXNativeTarget "ComplexNumbers (macOS)" */;
			buildPhases = (
				00DCF3E2266563E500B70B46 /* Sources */,
				00DCF3E3266563E500B70B46 /* Frameworks */,
				00DCF3E4266563E500B70B46 /* Resources */,
			);
			buildRules = (
			);
			dependencies = (
			);
			name = "ComplexNumbers (macOS)";
			productName = "ComplexNumbers (macOS)";
			productReference = 00DCF3E6266563E500B70B46 /* ComplexNumbers.app */;
			productType = "com.apple.product-type.application";
		};
/* End PBXNativeTarget section */

/* Begin PBXProject section */
		00DCF3D2266563E300B70B46 /* Project object */ = {
			isa = PBXProject;
			attributes = {
				LastSwiftUpdateCheck = 1250;
				LastUpgradeCheck = 1250;
				TargetAttributes = {
					00DCF3DD266563E500B70B46 = {
						CreatedOnToolsVersion = 12.5;
					};
					00DCF3E5266563E500B70B46 = {
						CreatedOnToolsVersion = 12.5;
					};
				};
			};
			buildConfigurationList = 00DCF3D5266563E300B70B46 /* Build configuration list for PBXProject "ComplexNumbers" */;
			compatibilityVersion = "Xcode 9.3";
			developmentRegion = en;
			hasScannedForEncodings = 0;
			knownRegions = (
				en,
				Base,
			);
			mainGroup = 00DCF3D1266563E300B70B46;
			productRefGroup = 00DCF3DF266563E500B70B46 /* Products */;
			projectDirPath = "";
			projectRoot = "";
			targets = (
				00DCF3DD266563E500B70B46 /* ComplexNumbers (iOS) */,
				00DCF3E5266563E500B70B46 /* ComplexNumbers (macOS) */,
			);
		};
/* End PBXProject section */

/* Begin PBXResourcesBuildPhase section */
		00DCF3DC266563E500B70B46 /* Resources */ = {
			isa = PBXResourcesBuildPhase;
			buildActionMask = 2147483647;
			files = (
				00DCF3EE266563E500B70B46 /* Assets.xcassets in Resources */,
			);
			runOnlyForDeploymentPostprocessing = 0;
		};
		00DCF3E4266563E500B70B46 /* Resources */ = {
			isa = PBXResourcesBuildPhase;
			buildActionMask = 2147483647;
			files = (
				00DCF3EF266563E500B70B46 /* Assets.xcassets in Resources */,
			);
			runOnlyForDeploymentPostprocessing = 0;
		};
/* End PBXResourcesBuildPhase section */

/* Begin PBXSourcesBuildPhase section */
		00DCF3DA266563E500B70B46 /* Sources */ = {
			isa = PBXSourcesBuildPhase;
			buildActionMask = 2147483647;
			files = (
				00DCF3EC266563E500B70B46 /* ContentView.swift in Sources */,
				00DCF3EA266563E500B70B46 /* ComplexNumbersApp.swift in Sources */,
			);
			runOnlyForDeploymentPostprocessing = 0;
		};
		00DCF3E2266563E500B70B46 /* Sources */ = {
			isa = PBXSourcesBuildPhase;
			buildActionMask = 2147483647;
			files = (
				00DCF3ED266563E500B70B46 /* ContentView.swift in Sources */,
				00DCF3EB266563E500B70B46 /* ComplexNumbersApp.swift in Sources */,
			);
			runOnlyForDeploymentPostprocessing = 0;
		};
/* End PBXSourcesBuildPhase section */

/* Begin XCBuildConfiguration section */
		00DCF3F0266563E500B70B46 /* Debug */ = {
			isa = XCBuildConfiguration;
			buildSettings = {
				ALWAYS_SEARCH_USER_PATHS = NO;
				CLANG_ANALYZER_NONNULL = YES;
				CLANG_ANALYZER_NUMBER_OBJECT_CONVERSION = YES_AGGRESSIVE;
				CLANG_CXX_LANGUAGE_STANDARD = "gnu++14";
				CLANG_CXX_LIBRARY = "libc++";
				CLANG_ENABLE_MODULES = YES;
				CLANG_ENABLE_OBJC_ARC = YES;
				CLANG_ENABLE_OBJC_WEAK = YES;
				CLANG_WARN_BLOCK_CAPTURE_AUTORELEASING = YES;
				CLANG_WARN_BOOL_CONVERSION = YES;
				CLANG_WARN_COMMA = YES;
				CLANG_WARN_CONSTANT_CONVERSION = YES;
				CLANG_WARN_DEPRECATED_OBJC_IMPLEMENTATIONS = YES;
				CLANG_WARN_DIRECT_OBJC_ISA_USAGE = YES_ERROR;
				CLANG_WARN_DOCUMENTATION_COMMENTS = YES;
				CLANG_WARN_EMPTY_BODY = YES;
				CLANG_WARN_ENUM_CONVERSION = YES;
				CLANG_WARN_INFINITE_RECURSION = YES;
				CLANG_WARN_INT_CONVERSION = YES;
				CLANG_WARN_NON_LITERAL_NULL_CONVERSION = YES;
				CLANG_WARN_OBJC_IMPLICIT_RETAIN_SELF = YES;
				CLANG_WARN_OBJC_LITERAL_CONVERSION = YES;
				CLANG_WARN_OBJC_ROOT_CLASS = YES_ERROR;
				CLANG_WARN_QUOTED_INCLUDE_IN_FRAMEWORK_HEADER = YES;
				CLANG_WARN_RANGE_LOOP_ANALYSIS = YES;
				CLANG_WARN_STRICT_PROTOTYPES = YES;
				CLANG_WARN_SUSPICIOUS_MOVE = YES;
				CLANG_WARN_UNGUARDED_AVAILABILITY = YES_AGGRESSIVE;
				CLANG_WARN_UNREACHABLE_CODE = YES;
				CLANG_WARN__DUPLICATE_METHOD_MATCH = YES;
				COPY_PHASE_STRIP = NO;
				DEBUG_INFORMATION_FORMAT = dwarf;
				ENABLE_STRICT_OBJC_MSGSEND = YES;
				ENABLE_TESTABILITY = YES;
				GCC_C_LANGUAGE_STANDARD = gnu11;
				GCC_DYNAMIC_NO_PIC = NO;
				GCC_NO_COMMON_BLOCKS = YES;
				GCC_OPTIMIZATION_LEVEL = 0;
				GCC_PREPROCESSOR_DEFINITIONS = (
					"DEBUG=1",
					"$(inherited)",
				);
				GCC_WARN_64_TO_32_BIT_CONVERSION = YES;
				GCC_WARN_ABOUT_RETURN_TYPE = YES_ERROR;
				GCC_WARN_UNDECLARED_SELECTOR = YES;
				GCC_WARN_UNINITIALIZED_AUTOS = YES_AGGRESSIVE;
				GCC_WARN_UNUSED_FUNCTION = YES;
				GCC_WARN_UNUSED_VARIABLE = YES;
				MTL_ENABLE_DEBUG_INFO = INCLUDE_SOURCE;
				MTL_FAST_MATH = YES;
				ONLY_ACTIVE_ARCH = YES;
				SWIFT_ACTIVE_COMPILATION_CONDITIONS = DEBUG;
				SWIFT_OPTIMIZATION_LEVEL = "-Onone";
			};
			name = Debug;
		};
		00DCF3F1266563E500B70B46 /* Release */ = {
			isa = XCBuildConfiguration;
			buildSettings = {
				ALWAYS_SEARCH_USER_PATHS = NO;
				CLANG_ANALYZER_NONNULL = YES;
				CLANG_ANALYZER_NUMBER_OBJECT_CONVERSION = YES_AGGRESSIVE;
				CLANG_CXX_LANGUAGE_STANDARD = "gnu++14";
				CLANG_CXX_LIBRARY = "libc++";
				CLANG_ENABLE_MODULES = YES;
				CLANG_ENABLE_OBJC_ARC = YES;
				CLANG_ENABLE_OBJC_WEAK = YES;
				CLANG_WARN_BLOCK_CAPTURE_AUTORELEASING = YES;
				CLANG_WARN_BOOL_CONVERSION = YES;
				CLANG_WARN_COMMA = YES;
				CLANG_WARN_CONSTANT_CONVERSION = YES;
				CLANG_WARN_DEPRECATED_OBJC_IMPLEMENTATIONS = YES;
				CLANG_WARN_DIRECT_OBJC_ISA_USAGE = YES_ERROR;
				CLANG_WARN_DOCUMENTATION_COMMENTS = YES;
				CLANG_WARN_EMPTY_BODY = YES;
				CLANG_WARN_ENUM_CONVERSION = YES;
				CLANG_WARN_INFINITE_RECURSION = YES;
				CLANG_WARN_INT_CONVERSION = YES;
				CLANG_WARN_NON_LITERAL_NULL_CONVERSION = YES;
				CLANG_WARN_OBJC_IMPLICIT_RETAIN_SELF = YES;
				CLANG_WARN_OBJC_LITERAL_CONVERSION = YES;
				CLANG_WARN_OBJC_ROOT_CLASS = YES_ERROR;
				CLANG_WARN_QUOTED_INCLUDE_IN_FRAMEWORK_HEADER = YES;
				CLANG_WARN_RANGE_LOOP_ANALYSIS = YES;
				CLANG_WARN_STRICT_PROTOTYPES = YES;
				CLANG_WARN_SUSPICIOUS_MOVE = YES;
				CLANG_WARN_UNGUARDED_AVAILABILITY = YES_AGGRESSIVE;
				CLANG_WARN_UNREACHABLE_CODE = YES;
				CLANG_WARN__DUPLICATE_METHOD_MATCH = YES;
				COPY_PHASE_STRIP = NO;
				DEBUG_INFORMATION_FORMAT = "dwarf-with-dsym";
				ENABLE_NS_ASSERTIONS = NO;
				ENABLE_STRICT_OBJC_MSGSEND = YES;
				GCC_C_LANGUAGE_STANDARD = gnu11;
				GCC_NO_COMMON_BLOCKS = YES;
				GCC_WARN_64_TO_32_BIT_CONVERSION = YES;
				GCC_WARN_ABOUT_RETURN_TYPE = YES_ERROR;
				GCC_WARN_UNDECLARED_SELECTOR = YES;
				GCC_WARN_UNINITIALIZED_AUTOS = YES_AGGRESSIVE;
				GCC_WARN_UNUSED_FUNCTION = YES;
				GCC_WARN_UNUSED_VARIABLE = YES;
				MTL_ENABLE_DEBUG_INFO = NO;
				MTL_FAST_MATH = YES;
				SWIFT_COMPILATION_MODE = wholemodule;
				SWIFT_OPTIMIZATION_LEVEL = "-O";
			};
			name = Release;
		};
		00DCF3F3266563E500B70B46 /* Debug */ = {
			isa = XCBuildConfiguration;
			buildSettings = {
				ASSETCATALOG_COMPILER_APPICON_NAME = AppIcon;
				ASSETCATALOG_COMPILER_GLOBAL_ACCENT_COLOR_NAME = AccentColor;
				CODE_SIGN_STYLE = Automatic;
				DEVELOPMENT_TEAM = 29ND5D76MZ;
				ENABLE_PREVIEWS = YES;
				INFOPLIST_FILE = iOS/Info.plist;
				IPHONEOS_DEPLOYMENT_TARGET = 14.0;
				LD_RUNPATH_SEARCH_PATHS = (
					"$(inherited)",
					"@executable_path/Frameworks",
				);
				PRODUCT_BUNDLE_IDENTIFIER = com.roundsoftware.ComplexNumbers;
				PRODUCT_NAME = ComplexNumbers;
				SDKROOT = iphoneos;
				SWIFT_VERSION = 5.0;
				TARGETED_DEVICE_FAMILY = "1,2";
			};
			name = Debug;
		};
		00DCF3F4266563E500B70B46 /* Release */ = {
			isa = XCBuildConfiguration;
			buildSettings = {
				ASSETCATALOG_COMPILER_APPICON_NAME = AppIcon;
				ASSETCATALOG_COMPILER_GLOBAL_ACCENT_COLOR_NAME = AccentColor;
				CODE_SIGN_STYLE = Automatic;
				DEVELOPMENT_TEAM = 29ND5D76MZ;
				ENABLE_PREVIEWS = YES;
				INFOPLIST_FILE = iOS/Info.plist;
				IPHONEOS_DEPLOYMENT_TARGET = 14.0;
				LD_RUNPATH_SEARCH_PATHS = (
					"$(inherited)",
					"@executable_path/Frameworks",
				);
				PRODUCT_BUNDLE_IDENTIFIER = com.roundsoftware.ComplexNumbers;
				PRODUCT_NAME = ComplexNumbers;
				SDKROOT = iphoneos;
				SWIFT_VERSION = 5.0;
				TARGETED_DEVICE_FAMILY = "1,2";
				VALIDATE_PRODUCT = YES;
			};
			name = Release;
		};
		00DCF3F6266563E500B70B46 /* Debug */ = {
			isa = XCBuildConfiguration;
			buildSettings = {
				ASSETCATALOG_COMPILER_APPICON_NAME = AppIcon;
				ASSETCATALOG_COMPILER_GLOBAL_ACCENT_COLOR_NAME = AccentColor;
				CODE_SIGN_ENTITLEMENTS = macOS/macOS.entitlements;
				CODE_SIGN_STYLE = Automatic;
				COMBINE_HIDPI_IMAGES = YES;
				DEVELOPMENT_TEAM = 29ND5D76MZ;
				ENABLE_HARDENED_RUNTIME = YES;
				ENABLE_PREVIEWS = YES;
				INFOPLIST_FILE = macOS/Info.plist;
				LD_RUNPATH_SEARCH_PATHS = (
					"$(inherited)",
					"@executable_path/../Frameworks",
				);
				MACOSX_DEPLOYMENT_TARGET = 11.0;
				PRODUCT_BUNDLE_IDENTIFIER = com.roundsoftware.ComplexNumbers;
				PRODUCT_NAME = ComplexNumbers;
				SDKROOT = macosx;
				SWIFT_VERSION = 5.0;
			};
			name = Debug;
		};
		00DCF3F7266563E500B70B46 /* Release */ = {
			isa = XCBuildConfiguration;
			buildSettings = {
				ASSETCATALOG_COMPILER_APPICON_NAME = AppIcon;
				ASSETCATALOG_COMPILER_GLOBAL_ACCENT_COLOR_NAME = AccentColor;
				CODE_SIGN_ENTITLEMENTS = macOS/macOS.entitlements;
				CODE_SIGN_STYLE = Automatic;
				COMBINE_HIDPI_IMAGES = YES;
				DEVELOPMENT_TEAM = 29ND5D76MZ;
				ENABLE_HARDENED_RUNTIME = YES;
				ENABLE_PREVIEWS = YES;
				INFOPLIST_FILE = macOS/Info.plist;
				LD_RUNPATH_SEARCH_PATHS = (
					"$(inherited)",
					"@executable_path/../Frameworks",
				);
				MACOSX_DEPLOYMENT_TARGET = 11.0;
				PRODUCT_BUNDLE_IDENTIFIER = com.roundsoftware.ComplexNumbers;
				PRODUCT_NAME = ComplexNumbers;
				SDKROOT = macosx;
				SWIFT_VERSION = 5.0;
			};
			name = Release;
		};
/* End XCBuildConfiguration section */

/* Begin XCConfigurationList section */
		00DCF3D5266563E300B70B46 /* Build configuration list for PBXProject "ComplexNumbers" */ = {
			isa = XCConfigurationList;
			buildConfigurations = (
				00DCF3F0266563E500B70B46 /* Debug */,
				00DCF3F1266563E500B70B46 /* Release */,
			);
			defaultConfigurationIsVisible = 0;
			defaultConfigurationName = Release;
		};
		00DCF3F2266563E500B70B46 /* Build configuration list for PBXNativeTarget "ComplexNumbers (iOS)" */ = {
			isa = XCConfigurationList;
			buildConfigurations = (
				00DCF3F3266563E500B70B46 /* Debug */,
				00DCF3F4266563E500B70B46 /* Release */,
			);
			defaultConfigurationIsVisible = 0;
			defaultConfigurationName = Release;
		};
		00DCF3F5266563E500B70B46 /* Build configuration list for PBXNativeTarget "ComplexNumbers (macOS)" */ = {
			isa = XCConfigurationList;
			buildConfigurations = (
				00DCF3F6266563E500B70B46 /* Debug */,
				00DCF3F7266563E500B70B46 /* Release */,
			);
			defaultConfigurationIsVisible = 0;
			defaultConfigurationName = Release;
		};
/* End XCConfigurationList section */
	};
	rootObject = 00DCF3D2266563E300B70B46 /* Project object */;
}
